
Microsoft Visual Studio Solution File, Format Version 12.00
Project("{FAE04EC0-301F-11D3-BF4B-00C04F79EFBC}") = "TestApp", "TestApp\TestApp.csproj", "{234EAF47-225C-4BD5-B3BE-81533E9711E2}"
EndProject
Global
	GlobalSection(SolutionConfigurationPlatforms) = preSolution
		Debug|Any CPU = Debug|Any CPU
		Release|Any CPU = Release|Any CPU
	EndGlobalSection
	GlobalSection(ProjectConfigurationPlatforms) = postSolution
		{234EAF47-225C-4BD5-B3BE-81533E9711E2}.Debug|Any CPU.ActiveCfg = Debug|Any CPU
		{234EAF47-225C-4BD5-B3BE-81533E9711E2}.Debug|Any CPU.Build.0 = Debug|Any CPU
		{234EAF47-225C-4BD5-B3BE-81533E9711E2}.Release|Any CPU.ActiveCfg = Release|Any CPU
		{234EAF47-225C-4BD5-B3BE-81533E9711E2}.Release|Any CPU.Build.0 = Release|Any CPU
	EndGlobalSection
EndGlobal
